
Microsoft Visual Studio Solution File, Format Version 12.00
# Visual Studio 2013
VisualStudioVersion = 12.0.40629.0
MinimumVisualStudioVersion = 10.0.40219.1
Project("{FAE04EC0-301F-11D3-BF4B-00C04F79EFBC}") = "01.Shapes", "01.Shapes\01.Shapes.csproj", "{E8028BAB-622C-4EEB-9A19-0D13A4C8AFFA}"
EndProject
Project("{FAE04EC0-301F-11D3-BF4B-00C04F79EFBC}") = "02.BankOfKurtovoKonare", "02.BankOfKurtovoKonare\02.BankOfKurtovoKonare.csproj", "{AA872662-5969-4BC9-AD06-8485A2461AA1}"
EndProject
Project("{FAE04EC0-301F-11D3-BF4B-00C04F79EFBC}") = "03.TheSlum", "03.TheSlum\03.TheSlum.csproj", "{7C6F7F25-2FDB-401F-B1A9-D8CE3BB7308D}"
EndProject
Global
	GlobalSection(SolutionConfigurationPlatforms) = preSolution
		Debug|Any CPU = Debug|Any CPU
		Release|Any CPU = Release|Any CPU
	EndGlobalSection
	GlobalSection(ProjectConfigurationPlatforms) = postSolution
		{E8028BAB-622C-4EEB-9A19-0D13A4C8AFFA}.Debug|Any CPU.ActiveCfg = Debug|Any CPU
		{E8028BAB-622C-4EEB-9A19-0D13A4C8AFFA}.Debug|Any CPU.Build.0 = Debug|Any CPU
		{E8028BAB-622C-4EEB-9A19-0D13A4C8AFFA}.Release|Any CPU.ActiveCfg = Release|Any CPU
		{E8028BAB-622C-4EEB-9A19-0D13A4C8AFFA}.Release|Any CPU.Build.0 = Release|Any CPU
		{AA872662-5969-4BC9-AD06-8485A2461AA1}.Debug|Any CPU.ActiveCfg = Debug|Any CPU
		{AA872662-5969-4BC9-AD06-8485A2461AA1}.Debug|Any CPU.Build.0 = Debug|Any CPU
		{AA872662-5969-4BC9-AD06-8485A2461AA1}.Release|Any CPU.ActiveCfg = Release|Any CPU
		{AA872662-5969-4BC9-AD06-8485A2461AA1}.Release|Any CPU.Build.0 = Release|Any CPU
		{7C6F7F25-2FDB-401F-B1A9-D8CE3BB7308D}.Debug|Any CPU.ActiveCfg = Debug|Any CPU
		{7C6F7F25-2FDB-401F-B1A9-D8CE3BB7308D}.Debug|Any CPU.Build.0 = Debug|Any CPU
		{7C6F7F25-2FDB-401F-B1A9-D8CE3BB7308D}.Release|Any CPU.ActiveCfg = Release|Any CPU
		{7C6F7F25-2FDB-401F-B1A9-D8CE3BB7308D}.Release|Any CPU.Build.0 = Release|Any CPU
	EndGlobalSection
	GlobalSection(SolutionProperties) = preSolution
		HideSolutionNode = FALSE
	EndGlobalSection
EndGlobal
